Microsoft Visual Studio Solution File, Format Version 12.00
# Visual Studio Version 17
VisualStudioVersion = 17.5.2.0
MinimumVisualStudioVersion = 10.0.40219.1
Project("{FAE04EC0-301F-11D3-BF4B-00C04F79EFBC}") = "JPracticeWeb", "JPracticeWeb.csproj", "{6F2825B4-CDC4-CD49-4079-C375DAAD9363}"
EndProject
Global
	GlobalSection(SolutionConfigurationPlatforms) = preSolution
		Debug|Any CPU = Debug|Any CPU
		Release|Any CPU = Release|Any CPU
	EndGlobalSection
	GlobalSection(ProjectConfigurationPlatforms) = postSolution
		{6F2825B4-CDC4-CD49-4079-C375DAAD9363}.Debug|Any CPU.ActiveCfg = Debug|Any CPU
		{6F2825B4-CDC4-CD49-4079-C375DAAD9363}.Debug|Any CPU.Build.0 = Debug|Any CPU
		{6F2825B4-CDC4-CD49-4079-C375DAAD9363}.Release|Any CPU.ActiveCfg = Release|Any CPU
		{6F2825B4-CDC4-CD49-4079-C375DAAD9363}.Release|Any CPU.Build.0 = Release|Any CPU
	EndGlobalSection
	GlobalSection(SolutionProperties) = preSolution
		HideSolutionNode = FALSE
	EndGlobalSection
	GlobalSection(ExtensibilityGlobals) = postSolution
		SolutionGuid = {00542092-CECF-483B-995B-70ED9792F944}
	EndGlobalSection
EndGlobal
